// !$*UTF8*$!
{
	archiveVersion = 1;
	classes = {
	};
	objectVersion = 77;
	objects = {

/* Begin PBXBuildFile section */
		B0920EA72FBFB3120060419F /* SinkPlayback in Frameworks */ = {isa = PBXBuildFile; productRef = B0920EA62FBFB3120060419F /* SinkPlayback */; };
		B0920EAD2FBFB3120060419F /* SinkAPI in Frameworks */ = {isa = PBXBuildFile; productRef = B0920EAC2FBFB3120060419F /* SinkAPI */; };
		B0D727052FDDF768003B1CF7 /* SinkCore in Frameworks */ = {isa = PBXBuildFile; productRef = B0D727042FDDF768003B1CF7 /* SinkCore */; };
		B0D727072FDDFCC6003B1CF7 /* SinkCore in Frameworks */ = {isa = PBXBuildFile; productRef = B0D727062FDDFCC6003B1CF7 /* SinkCore */; };
		B1920E0B2FBFB08A0060419F /* SinkAPI in Frameworks */ = {isa = PBXBuildFile; productRef = B1920E0A2FBFB08A0060419F /* SinkAPI */; };
		B1920E0D2FBFB08A0060419F /* SinkPlayback in Frameworks */ = {isa = PBXBuildFile; productRef = B1920E0E2FBFB08A0060419F /* SinkPlayback */; };
		B4A1C0012FE1001000A1B2C3 /* SinkCore in Frameworks */ = {isa = PBXBuildFile; productRef = B4A1C0112FE1001000A1B2C3 /* SinkCore */; };
		B4A1C0022FE1001000A1B2C3 /* SinkAPI in Frameworks */ = {isa = PBXBuildFile; productRef = B4A1C0122FE1001000A1B2C3 /* SinkAPI */; };
		B4A1C0032FE1001000A1B2C3 /* SinkPlayback in Frameworks */ = {isa = PBXBuildFile; productRef = B4A1C0132FE1001000A1B2C3 /* SinkPlayback */; };
/* End PBXBuildFile section */

/* Begin PBXContainerItemProxy section */
		B2920E012FBFB08A0060419F /* PBXContainerItemProxy */ = {
			isa = PBXContainerItemProxy;
			containerPortal = B0920E5A2FBFB08A0060419F /* Project object */;
			proxyType = 1;
			remoteGlobalIDString = B0920E612FBFB08A0060419F;
			remoteInfo = Sink;
		};
/* End PBXContainerItemProxy section */

/* Begin PBXFileReference section */
		B0920E622FBFB08A0060419F /* Sink.app */ = {isa = PBXFileReference; explicitFileType = wrapper.application; includeInIndex = 0; path = Sink.app; sourceTree = BUILT_PRODUCTS_DIR; };
		B1920E012FBFB08A0060419F /* SinkTests.xctest */ = {isa = PBXFileReference; explicitFileType = wrapper.cfbundle; includeInIndex = 0; path = SinkTests.xctest; sourceTree = BUILT_PRODUCTS_DIR; };
		B1920E0C2FBFB08A0060419F /* Sink.xctestplan */ = {isa = PBXFileReference; lastKnownFileType = text; path = Sink.xctestplan; sourceTree = "<group>"; };
		B4A1C0142FE1001000A1B2C3 /* Debug.xcconfig */ = {isa = PBXFileReference; lastKnownFileType = text.xcconfig; path = SinkMac/Config/Debug.xcconfig; sourceTree = SOURCE_ROOT; };
		B4A1C0152FE1001000A1B2C3 /* Release.xcconfig */ = {isa = PBXFileReference; lastKnownFileType = text.xcconfig; path = SinkMac/Config/Release.xcconfig; sourceTree = SOURCE_ROOT; };
		B4A1C0162FE1001000A1B2C3 /* SinkMac.app */ = {isa = PBXFileReference; explicitFileType = wrapper.application; includeInIndex = 0; path = SinkMac.app; sourceTree = BUILT_PRODUCTS_DIR; };
/* End PBXFileReference section */

/* Begin PBXFileSystemSynchronizedRootGroup section */
		B0920E642FBFB08A0060419F /* Sink */ = {
			isa = PBXFileSystemSynchronizedRootGroup;
			path = Sink;
			sourceTree = "<group>";
		};
		B1920E022FBFB08A0060419F /* SinkTests */ = {
			isa = PBXFileSystemSynchronizedRootGroup;
			path = SinkTests;
			sourceTree = "<group>";
		};
		B4A1C0172FE1001000A1B2C3 /* SinkMac */ = {
			isa = PBXFileSystemSynchronizedRootGroup;
			path = SinkMac;
			sourceTree = "<group>";
		};
/* End PBXFileSystemSynchronizedRootGroup section */

/* Begin PBXFrameworksBuildPhase section */
		B0920E5F2FBFB08A0060419F /* Frameworks */ = {
			isa = PBXFrameworksBuildPhase;
			buildActionMask = 2147483647;
			files = (
				B0D727052FDDF768003B1CF7 /* SinkCore in Frameworks */,
				B0920EAD2FBFB3120060419F /* SinkAPI in Frameworks */,
				B0920EA72FBFB3120060419F /* SinkPlayback in Frameworks */,
			);
			runOnlyForDeploymentPostprocessing = 0;
		};
		B1920E042FBFB08A0060419F /* Frameworks */ = {
			isa = PBXFrameworksBuildPhase;
			buildActionMask = 2147483647;
			files = (
				B0D727072FDDFCC6003B1CF7 /* SinkCore in Frameworks */,
				B1920E0B2FBFB08A0060419F /* SinkAPI in Frameworks */,
				B1920E0D2FBFB08A0060419F /* SinkPlayback in Frameworks */,
			);
			runOnlyForDeploymentPostprocessing = 0;
		};
		B4A1C0052FE1001000A1B2C3 /* Frameworks */ = {
			isa = PBXFrameworksBuildPhase;
			buildActionMask = 2147483647;
			files = (
				B4A1C0012FE1001000A1B2C3 /* SinkCore in Frameworks */,
				B4A1C0022FE1001000A1B2C3 /* SinkAPI in Frameworks */,
				B4A1C0032FE1001000A1B2C3 /* SinkPlayback in Frameworks */,
			);
			runOnlyForDeploymentPostprocessing = 0;
		};
/* End PBXFrameworksBuildPhase section */

/* Begin PBXGroup section */
		B0920E592FBFB08A0060419F = {
			isa = PBXGroup;
			children = (
				B0920E642FBFB08A0060419F /* Sink */,
				B4A1C0172FE1001000A1B2C3 /* SinkMac */,
				B1920E022FBFB08A0060419F /* SinkTests */,
				B1920E0C2FBFB08A0060419F /* Sink.xctestplan */,
				B0920E632FBFB08A0060419F /* Products */,
			);
			sourceTree = "<group>";
		};
		B0920E632FBFB08A0060419F /* Products */ = {
			isa = PBXGroup;
			children = (
				B0920E622FBFB08A0060419F /* Sink.app */,
				B4A1C0162FE1001000A1B2C3 /* SinkMac.app */,
				B1920E012FBFB08A0060419F /* SinkTests.xctest */,
			);
			name = Products;
			sourceTree = "<group>";
		};
/* End PBXGroup section */

/* Begin PBXNativeTarget section */
		B0920E612FBFB08A0060419F /* Sink */ = {
			isa = PBXNativeTarget;
			buildConfigurationList = B0920E6D2FBFB08C0060419F /* Build configuration list for PBXNativeTarget "Sink" */;
			buildPhases = (
				B0920E5E2FBFB08A0060419F /* Sources */,
				B0920E5F2FBFB08A0060419F /* Frameworks */,
				B0920E602FBFB08A0060419F /* Resources */,
			);
			buildRules = (
			);
			dependencies = (
			);
			fileSystemSynchronizedGroups = (
				B0920E642FBFB08A0060419F /* Sink */,
			);
			name = Sink;
			packageProductDependencies = (
				B0D727042FDDF768003B1CF7 /* SinkCore */,
				B0920EAC2FBFB3120060419F /* SinkAPI */,
				B0920EA62FBFB3120060419F /* SinkPlayback */,
			);
			productName = Sink;
			productReference = B0920E622FBFB08A0060419F /* Sink.app */;
			productType = "com.apple.product-type.application";
		};
		B1920E062FBFB08A0060419F /* SinkTests */ = {
			isa = PBXNativeTarget;
			buildConfigurationList = B1920E092FBFB08A0060419F /* Build configuration list for PBXNativeTarget "SinkTests" */;
			buildPhases = (
				B1920E032FBFB08A0060419F /* Sources */,
				B1920E042FBFB08A0060419F /* Frameworks */,
				B1920E052FBFB08A0060419F /* Resources */,
			);
			buildRules = (
			);
			dependencies = (
				B2920E022FBFB08A0060419F /* PBXTargetDependency */,
			);
			fileSystemSynchronizedGroups = (
				B1920E022FBFB08A0060419F /* SinkTests */,
			);
			name = SinkTests;
			packageProductDependencies = (
				B0D727062FDDFCC6003B1CF7 /* SinkCore */,
				B1920E0A2FBFB08A0060419F /* SinkAPI */,
				B1920E0E2FBFB08A0060419F /* SinkPlayback */,
			);
			productName = SinkTests;
			productReference = B1920E012FBFB08A0060419F /* SinkTests.xctest */;
			productType = "com.apple.product-type.bundle.unit-test";
		};
		B4A1C0042FE1001000A1B2C3 /* SinkMac */ = {
			isa = PBXNativeTarget;
			buildConfigurationList = B4A1C00E2FE1001000A1B2C3 /* Build configuration list for PBXNativeTarget "SinkMac" */;
			buildPhases = (
				B4A1C0062FE1001000A1B2C3 /* Sources */,
				B4A1C0052FE1001000A1B2C3 /* Frameworks */,
				B4A1C0072FE1001000A1B2C3 /* Resources */,
			);
			buildRules = (
			);
			dependencies = (
			);
			fileSystemSynchronizedGroups = (
				B4A1C0172FE1001000A1B2C3 /* SinkMac */,
			);
			name = SinkMac;
			packageProductDependencies = (
				B4A1C0112FE1001000A1B2C3 /* SinkCore */,
				B4A1C0122FE1001000A1B2C3 /* SinkAPI */,
				B4A1C0132FE1001000A1B2C3 /* SinkPlayback */,
			);
			productName = SinkMac;
			productReference = B4A1C0162FE1001000A1B2C3 /* SinkMac.app */;
			productType = "com.apple.product-type.application";
		};
/* End PBXNativeTarget section */

/* Begin PBXProject section */
		B0920E5A2FBFB08A0060419F /* Project object */ = {
			isa = PBXProject;
			attributes = {
				BuildIndependentTargetsInParallel = 1;
				LastSwiftUpdateCheck = 2650;
				LastUpgradeCheck = 2650;
				TargetAttributes = {
					B0920E612FBFB08A0060419F = {
						CreatedOnToolsVersion = 26.5;
					};
					B1920E062FBFB08A0060419F = {
						CreatedOnToolsVersion = 26.5;
						TestTargetID = B0920E612FBFB08A0060419F;
					};
					B4A1C0042FE1001000A1B2C3 = {
						CreatedOnToolsVersion = 26.5;
					};
				};
			};
			buildConfigurationList = B0920E5D2FBFB08A0060419F /* Build configuration list for PBXProject "Sink" */;
			developmentRegion = en;
			hasScannedForEncodings = 0;
			knownRegions = (
				en,
				Base,
			);
			mainGroup = B0920E592FBFB08A0060419F;
			minimizedProjectReferenceProxies = 1;
			packageReferences = (
				B0D727032FDDF768003B1CF7 /* XCLocalSwiftPackageReference "SinkCore" */,
				B0920EA42FBFB2F10060419F /* XCLocalSwiftPackageReference "SinkAPI" */,
				B0920EA52FBFB3120060419F /* XCLocalSwiftPackageReference "SinkPlayback" */,
			);
			preferredProjectObjectVersion = 77;
			productRefGroup = B0920E632FBFB08A0060419F /* Products */;
			projectDirPath = "";
			projectRoot = "";
			targets = (
				B0920E612FBFB08A0060419F /* Sink */,
				B4A1C0042FE1001000A1B2C3 /* SinkMac */,
				B1920E062FBFB08A0060419F /* SinkTests */,
			);
		};
/* End PBXProject section */

/* Begin PBXResourcesBuildPhase section */
		B0920E602FBFB08A0060419F /* Resources */ = {
			isa = PBXResourcesBuildPhase;
			buildActionMask = 2147483647;
			files = (
			);
			runOnlyForDeploymentPostprocessing = 0;
		};
		B1920E052FBFB08A0060419F /* Resources */ = {
			isa = PBXResourcesBuildPhase;
			buildActionMask = 2147483647;
			files = (
			);
			runOnlyForDeploymentPostprocessing = 0;
		};
		B4A1C0072FE1001000A1B2C3 /* Resources */ = {
			isa = PBXResourcesBuildPhase;
			buildActionMask = 2147483647;
			files = (
			);
			runOnlyForDeploymentPostprocessing = 0;
		};
/* End PBXResourcesBuildPhase section */

/* Begin PBXSourcesBuildPhase section */
		B0920E5E2FBFB08A0060419F /* Sources */ = {
			isa = PBXSourcesBuildPhase;
			buildActionMask = 2147483647;
			files = (
			);
			runOnlyForDeploymentPostprocessing = 0;
		};
		B1920E032FBFB08A0060419F /* Sources */ = {
			isa = PBXSourcesBuildPhase;
			buildActionMask = 2147483647;
			files = (
			);
			runOnlyForDeploymentPostprocessing = 0;
		};
		B4A1C0062FE1001000A1B2C3 /* Sources */ = {
			isa = PBXSourcesBuildPhase;
			buildActionMask = 2147483647;
			files = (
			);
			runOnlyForDeploymentPostprocessing = 0;
		};
/* End PBXSourcesBuildPhase section */

/* Begin PBXTargetDependency section */
		B2920E022FBFB08A0060419F /* PBXTargetDependency */ = {
			isa = PBXTargetDependency;
			target = B0920E612FBFB08A0060419F /* Sink */;
			targetProxy = B2920E012FBFB08A0060419F /* PBXContainerItemProxy */;
		};
/* End PBXTargetDependency section */

/* Begin XCBuildConfiguration section */
		B0920E6B2FBFB08C0060419F /* Debug */ = {
			isa = XCBuildConfiguration;
			buildSettings = {
				ALWAYS_SEARCH_USER_PATHS = NO;
				ASSETCATALOG_COMPILER_GENERATE_SWIFT_ASSET_SYMBOL_EXTENSIONS = YES;
				CLANG_ANALYZER_NONNULL = YES;
				CLANG_ANALYZER_NUMBER_OBJECT_CONVERSION = YES_AGGRESSIVE;
				CLANG_CXX_LANGUAGE_STANDARD = "gnu++20";
				CLANG_ENABLE_MODULES = YES;
				CLANG_ENABLE_OBJC_ARC = YES;
				CLANG_ENABLE_OBJC_WEAK = YES;
				CLANG_WARN_BLOCK_CAPTURE_AUTORELEASING = YES;
				CLANG_WARN_BOOL_CONVERSION = YES;
				CLANG_WARN_COMMA = YES;
				CLANG_WARN_CONSTANT_CONVERSION = YES;
				CLANG_WARN_DEPRECATED_OBJC_IMPLEMENTATIONS = YES;
				CLANG_WARN_DIRECT_OBJC_ISA_USAGE = YES_ERROR;
				CLANG_WARN_DOCUMENTATION_COMMENTS = YES;
				CLANG_WARN_EMPTY_BODY = YES;
				CLANG_WARN_ENUM_CONVERSION = YES;
				CLANG_WARN_INFINITE_RECURSION = YES;
				CLANG_WARN_INT_CONVERSION = YES;
				CLANG_WARN_NON_LITERAL_NULL_CONVERSION = YES;
				CLANG_WARN_OBJC_IMPLICIT_RETAIN_SELF = YES;
				CLANG_WARN_OBJC_LITERAL_CONVERSION = YES;
				CLANG_WARN_OBJC_ROOT_CLASS = YES_ERROR;
				CLANG_WARN_QUOTED_INCLUDE_IN_FRAMEWORK_HEADER = YES;
				CLANG_WARN_RANGE_LOOP_ANALYSIS = YES;
				CLANG_WARN_STRICT_PROTOTYPES = YES;
				CLANG_WARN_SUSPICIOUS_MOVE = YES;
				CLANG_WARN_UNGUARDED_AVAILABILITY = YES_AGGRESSIVE;
				CLANG_WARN_UNREACHABLE_CODE = YES;
				CLANG_WARN__DUPLICATE_METHOD_MATCH = YES;
				COPY_PHASE_STRIP = NO;
				DEBUG_INFORMATION_FORMAT = dwarf;
				ENABLE_STRICT_OBJC_MSGSEND = YES;
				ENABLE_TESTABILITY = YES;
				ENABLE_USER_SCRIPT_SANDBOXING = YES;
				GCC_C_LANGUAGE_STANDARD = gnu17;
				GCC_DYNAMIC_NO_PIC = NO;
				GCC_NO_COMMON_BLOCKS = YES;
				GCC_OPTIMIZATION_LEVEL = 0;
				GCC_PREPROCESSOR_DEFINITIONS = (
					"DEBUG=1",
					"$(inherited)",
				);
				GCC_WARN_64_TO_32_BIT_CONVERSION = YES;
				GCC_WARN_ABOUT_RETURN_TYPE = YES_ERROR;
				GCC_WARN_UNDECLARED_SELECTOR = YES;
				GCC_WARN_UNINITIALIZED_AUTOS = YES_AGGRESSIVE;
				GCC_WARN_UNUSED_FUNCTION = YES;
				GCC_WARN_UNUSED_VARIABLE = YES;
				LOCALIZATION_PREFERS_STRING_CATALOGS = YES;
				MTL_ENABLE_DEBUG_INFO = INCLUDE_SOURCE;
				MTL_FAST_MATH = YES;
				ONLY_ACTIVE_ARCH = YES;
				SWIFT_ACTIVE_COMPILATION_CONDITIONS = "DEBUG $(inherited)";
				SWIFT_OPTIMIZATION_LEVEL = "-Onone";
			};
			name = Debug;
		};
		B0920E6C2FBFB08C0060419F /* Release */ = {
			isa = XCBuildConfiguration;
			buildSettings = {
				ALWAYS_SEARCH_USER_PATHS = NO;
				ASSETCATALOG_COMPILER_GENERATE_SWIFT_ASSET_SYMBOL_EXTENSIONS = YES;
				CLANG_ANALYZER_NONNULL = YES;
				CLANG_ANALYZER_NUMBER_OBJECT_CONVERSION = YES_AGGRESSIVE;
				CLANG_CXX_LANGUAGE_STANDARD = "gnu++20";
				CLANG_ENABLE_MODULES = YES;
				CLANG_ENABLE_OBJC_ARC = YES;
				CLANG_ENABLE_OBJC_WEAK = YES;
				CLANG_WARN_BLOCK_CAPTURE_AUTORELEASING = YES;
				CLANG_WARN_BOOL_CONVERSION = YES;
				CLANG_WARN_COMMA = YES;
				CLANG_WARN_CONSTANT_CONVERSION = YES;
				CLANG_WARN_DEPRECATED_OBJC_IMPLEMENTATIONS = YES;
				CLANG_WARN_DIRECT_OBJC_ISA_USAGE = YES_ERROR;
				CLANG_WARN_DOCUMENTATION_COMMENTS = YES;
				CLANG_WARN_EMPTY_BODY = YES;
				CLANG_WARN_ENUM_CONVERSION = YES;
				CLANG_WARN_INFINITE_RECURSION = YES;
				CLANG_WARN_INT_CONVERSION = YES;
				CLANG_WARN_NON_LITERAL_NULL_CONVERSION = YES;
				CLANG_WARN_OBJC_IMPLICIT_RETAIN_SELF = YES;
				CLANG_WARN_OBJC_LITERAL_CONVERSION = YES;
				CLANG_WARN_OBJC_ROOT_CLASS = YES_ERROR;
				CLANG_WARN_QUOTED_INCLUDE_IN_FRAMEWORK_HEADER = YES;
				CLANG_WARN_RANGE_LOOP_ANALYSIS = YES;
				CLANG_WARN_STRICT_PROTOTYPES = YES;
				CLANG_WARN_SUSPICIOUS_MOVE = YES;
				CLANG_WARN_UNGUARDED_AVAILABILITY = YES_AGGRESSIVE;
				CLANG_WARN_UNREACHABLE_CODE = YES;
				CLANG_WARN__DUPLICATE_METHOD_MATCH = YES;
				COPY_PHASE_STRIP = NO;
				DEBUG_INFORMATION_FORMAT = "dwarf-with-dsym";
				ENABLE_NS_ASSERTIONS = NO;
				ENABLE_STRICT_OBJC_MSGSEND = YES;
				ENABLE_USER_SCRIPT_SANDBOXING = YES;
				GCC_C_LANGUAGE_STANDARD = gnu17;
				GCC_NO_COMMON_BLOCKS = YES;
				GCC_WARN_64_TO_32_BIT_CONVERSION = YES;
				GCC_WARN_ABOUT_RETURN_TYPE = YES_ERROR;
				GCC_WARN_UNDECLARED_SELECTOR = YES;
				GCC_WARN_UNINITIALIZED_AUTOS = YES_AGGRESSIVE;
				GCC_WARN_UNUSED_FUNCTION = YES;
				GCC_WARN_UNUSED_VARIABLE = YES;
				LOCALIZATION_PREFERS_STRING_CATALOGS = YES;
				MTL_ENABLE_DEBUG_INFO = NO;
				MTL_FAST_MATH = YES;
				SWIFT_COMPILATION_MODE = wholemodule;
			};
			name = Release;
		};
		B0920E6E2FBFB08C0060419F /* Debug */ = {
			isa = XCBuildConfiguration;
			buildSettings = {
				ASSETCATALOG_COMPILER_APPICON_NAME = AppIcon;
				ASSETCATALOG_COMPILER_GLOBAL_ACCENT_COLOR_NAME = AccentColor;
				CODE_SIGN_STYLE = Automatic;
				CURRENT_PROJECT_VERSION = 1;
				ENABLE_APP_SANDBOX = YES;
				ENABLE_PREVIEWS = YES;
				ENABLE_USER_SELECTED_FILES = readonly;
				GENERATE_INFOPLIST_FILE = YES;
				INFOPLIST_KEY_CFBundleDisplayName = SINK;
				INFOPLIST_KEY_LSApplicationCategoryType = "public.app-category.entertainment";
				"INFOPLIST_KEY_UIApplicationSceneManifest_Generation[sdk=iphoneos*]" = YES;
				"INFOPLIST_KEY_UIApplicationSceneManifest_Generation[sdk=iphonesimulator*]" = YES;
				"INFOPLIST_KEY_UIApplicationSupportsIndirectInputEvents[sdk=iphoneos*]" = YES;
				"INFOPLIST_KEY_UIApplicationSupportsIndirectInputEvents[sdk=iphonesimulator*]" = YES;
				"INFOPLIST_KEY_UILaunchScreen_Generation[sdk=iphoneos*]" = YES;
				"INFOPLIST_KEY_UILaunchScreen_Generation[sdk=iphonesimulator*]" = YES;
				"INFOPLIST_KEY_UIStatusBarStyle[sdk=iphoneos*]" = UIStatusBarStyleDefault;
				"INFOPLIST_KEY_UIStatusBarStyle[sdk=iphonesimulator*]" = UIStatusBarStyleDefault;
				INFOPLIST_KEY_UISupportedInterfaceOrientations_iPad = "UIInterfaceOrientationPortrait UIInterfaceOrientationPortraitUpsideDown UIInterfaceOrientationLandscapeLeft UIInterfaceOrientationLandscapeRight";
				INFOPLIST_KEY_UISupportedInterfaceOrientations_iPhone = "UIInterfaceOrientationPortrait UIInterfaceOrientationLandscapeLeft UIInterfaceOrientationLandscapeRight";
				IPHONEOS_DEPLOYMENT_TARGET = 17.0;
				LD_RUNPATH_SEARCH_PATHS = "@executable_path/Frameworks";
				"LD_RUNPATH_SEARCH_PATHS[sdk=macosx*]" = "@executable_path/../Frameworks";
				MACOSX_DEPLOYMENT_TARGET = 14.0;
				MARKETING_VERSION = 1.0;
				PRODUCT_BUNDLE_IDENTIFIER = WareHouseFinds.Sink;
				PRODUCT_NAME = "$(TARGET_NAME)";
				REGISTER_APP_GROUPS = YES;
				SDKROOT = auto;
				STRING_CATALOG_GENERATE_SYMBOLS = YES;
				SUPPORTED_PLATFORMS = "iphoneos iphonesimulator macosx";
				SUPPORTS_MACCATALYST = NO;
				SWIFT_APPROACHABLE_CONCURRENCY = YES;
				SWIFT_DEFAULT_ACTOR_ISOLATION = MainActor;
				SWIFT_EMIT_LOC_STRINGS = YES;
				SWIFT_UPCOMING_FEATURE_MEMBER_IMPORT_VISIBILITY = YES;
				SWIFT_VERSION = 5.0;
				TARGETED_DEVICE_FAMILY = 1;
				VERSIONING_SYSTEM = "apple-generic";
				XROS_DEPLOYMENT_TARGET = 26.5;
			};
			name = Debug;
		};
		B0920E6F2FBFB08C0060419F /* Release */ = {
			isa = XCBuildConfiguration;
			buildSettings = {
				ASSETCATALOG_COMPILER_APPICON_NAME = AppIcon;
				ASSETCATALOG_COMPILER_GLOBAL_ACCENT_COLOR_NAME = AccentColor;
				CODE_SIGN_STYLE = Automatic;
				CURRENT_PROJECT_VERSION = 1;
				ENABLE_APP_SANDBOX = YES;
				ENABLE_PREVIEWS = YES;
				ENABLE_USER_SELECTED_FILES = readonly;
				GENERATE_INFOPLIST_FILE = YES;
				INFOPLIST_KEY_CFBundleDisplayName = SINK;
				INFOPLIST_KEY_LSApplicationCategoryType = "public.app-category.entertainment";
				"INFOPLIST_KEY_UIApplicationSceneManifest_Generation[sdk=iphoneos*]" = YES;
				"INFOPLIST_KEY_UIApplicationSceneManifest_Generation[sdk=iphonesimulator*]" = YES;
				"INFOPLIST_KEY_UIApplicationSupportsIndirectInputEvents[sdk=iphoneos*]" = YES;
				"INFOPLIST_KEY_UIApplicationSupportsIndirectInputEvents[sdk=iphonesimulator*]" = YES;
				"INFOPLIST_KEY_UILaunchScreen_Generation[sdk=iphoneos*]" = YES;
				"INFOPLIST_KEY_UILaunchScreen_Generation[sdk=iphonesimulator*]" = YES;
				"INFOPLIST_KEY_UIStatusBarStyle[sdk=iphoneos*]" = UIStatusBarStyleDefault;
				"INFOPLIST_KEY_UIStatusBarStyle[sdk=iphonesimulator*]" = UIStatusBarStyleDefault;
				INFOPLIST_KEY_UISupportedInterfaceOrientations_iPad = "UIInterfaceOrientationPortrait UIInterfaceOrientationPortraitUpsideDown UIInterfaceOrientationLandscapeLeft UIInterfaceOrientationLandscapeRight";
				INFOPLIST_KEY_UISupportedInterfaceOrientations_iPhone = "UIInterfaceOrientationPortrait UIInterfaceOrientationLandscapeLeft UIInterfaceOrientationLandscapeRight";
				IPHONEOS_DEPLOYMENT_TARGET = 17.0;
				LD_RUNPATH_SEARCH_PATHS = "@executable_path/Frameworks";
				"LD_RUNPATH_SEARCH_PATHS[sdk=macosx*]" = "@executable_path/../Frameworks";
				MACOSX_DEPLOYMENT_TARGET = 14.0;
				MARKETING_VERSION = 1.0;
				PRODUCT_BUNDLE_IDENTIFIER = WareHouseFinds.Sink;
				PRODUCT_NAME = "$(TARGET_NAME)";
				REGISTER_APP_GROUPS = YES;
				SDKROOT = auto;
				STRING_CATALOG_GENERATE_SYMBOLS = YES;
				SUPPORTED_PLATFORMS = "iphoneos iphonesimulator macosx";
				SUPPORTS_MACCATALYST = NO;
				SWIFT_APPROACHABLE_CONCURRENCY = YES;
				SWIFT_DEFAULT_ACTOR_ISOLATION = MainActor;
				SWIFT_EMIT_LOC_STRINGS = YES;
				SWIFT_UPCOMING_FEATURE_MEMBER_IMPORT_VISIBILITY = YES;
				SWIFT_VERSION = 5.0;
				TARGETED_DEVICE_FAMILY = 1;
				VERSIONING_SYSTEM = "apple-generic";
				XROS_DEPLOYMENT_TARGET = 26.5;
			};
			name = Release;
		};
		B1920E072FBFB08A0060419F /* Debug */ = {
			isa = XCBuildConfiguration;
			buildSettings = {
				BUNDLE_LOADER = "$(TEST_HOST)";
				CODE_SIGN_STYLE = Automatic;
				CURRENT_PROJECT_VERSION = 1;
				GENERATE_INFOPLIST_FILE = YES;
				IPHONEOS_DEPLOYMENT_TARGET = 26.5;
				MACOSX_DEPLOYMENT_TARGET = 26.3;
				MARKETING_VERSION = 1.0;
				PRODUCT_BUNDLE_IDENTIFIER = WareHouseFinds.SinkTests;
				PRODUCT_NAME = "$(TARGET_NAME)";
				SDKROOT = auto;
				SUPPORTED_PLATFORMS = "iphoneos iphonesimulator";
				SWIFT_ACTIVE_COMPILATION_CONDITIONS = "DEBUG $(inherited)";
				SWIFT_DEFAULT_ACTOR_ISOLATION = MainActor;
				SWIFT_VERSION = 5.0;
				TARGETED_DEVICE_FAMILY = "1,2";
				TEST_HOST = "$(BUILT_PRODUCTS_DIR)/Sink.app/$(BUNDLE_EXECUTABLE_FOLDER_PATH)/Sink";
			};
			name = Debug;
		};
		B1920E082FBFB08A0060419F /* Release */ = {
			isa = XCBuildConfiguration;
			buildSettings = {
				BUNDLE_LOADER = "$(TEST_HOST)";
				CODE_SIGN_STYLE = Automatic;
				CURRENT_PROJECT_VERSION = 1;
				GENERATE_INFOPLIST_FILE = YES;
				IPHONEOS_DEPLOYMENT_TARGET = 26.5;
				MACOSX_DEPLOYMENT_TARGET = 26.3;
				MARKETING_VERSION = 1.0;
				PRODUCT_BUNDLE_IDENTIFIER = WareHouseFinds.SinkTests;
				PRODUCT_NAME = "$(TARGET_NAME)";
				SDKROOT = auto;
				SUPPORTED_PLATFORMS = "iphoneos iphonesimulator";
				SWIFT_DEFAULT_ACTOR_ISOLATION = MainActor;
				SWIFT_VERSION = 5.0;
				TARGETED_DEVICE_FAMILY = "1,2";
				TEST_HOST = "$(BUILT_PRODUCTS_DIR)/Sink.app/$(BUNDLE_EXECUTABLE_FOLDER_PATH)/Sink";
			};
			name = Release;
		};
		B4A1C0082FE1001000A1B2C3 /* Debug */ = {
			isa = XCBuildConfiguration;
			baseConfigurationReference = B4A1C0142FE1001000A1B2C3 /* Debug.xcconfig */;
			buildSettings = {
				ASSETCATALOG_COMPILER_APPICON_NAME = AppIcon;
				ASSETCATALOG_COMPILER_GLOBAL_ACCENT_COLOR_NAME = AccentColor;
				CODE_SIGN_STYLE = Automatic;
				CURRENT_PROJECT_VERSION = 1;
				ENABLE_APP_SANDBOX = YES;
				ENABLE_PREVIEWS = YES;
				ENABLE_USER_SELECTED_FILES = readonly;
				GENERATE_INFOPLIST_FILE = YES;
				INFOPLIST_KEY_CFBundleDisplayName = SINK;
				INFOPLIST_KEY_LSApplicationCategoryType = "public.app-category.entertainment";
				INFOPLIST_KEY_NSHumanReadableCopyright = "";
				LD_RUNPATH_SEARCH_PATHS = "@executable_path/../Frameworks";
				MACOSX_DEPLOYMENT_TARGET = 14.0;
				MARKETING_VERSION = 1.0;
				PRODUCT_BUNDLE_IDENTIFIER = com.sinkfm.mac;
				PRODUCT_NAME = "$(TARGET_NAME)";
				REGISTER_APP_GROUPS = YES;
				SDKROOT = macosx;
				STRING_CATALOG_GENERATE_SYMBOLS = YES;
				SUPPORTED_PLATFORMS = macosx;
				SWIFT_APPROACHABLE_CONCURRENCY = YES;
				SWIFT_DEFAULT_ACTOR_ISOLATION = MainActor;
				SWIFT_EMIT_LOC_STRINGS = YES;
				SWIFT_UPCOMING_FEATURE_MEMBER_IMPORT_VISIBILITY = YES;
				SWIFT_VERSION = 5.9;
				VERSIONING_SYSTEM = "apple-generic";
			};
			name = Debug;
		};
		B4A1C0092FE1001000A1B2C3 /* Release */ = {
			isa = XCBuildConfiguration;
			baseConfigurationReference = B4A1C0152FE1001000A1B2C3 /* Release.xcconfig */;
			buildSettings = {
				ASSETCATALOG_COMPILER_APPICON_NAME = AppIcon;
				ASSETCATALOG_COMPILER_GLOBAL_ACCENT_COLOR_NAME = AccentColor;
				CODE_SIGN_STYLE = Automatic;
				CURRENT_PROJECT_VERSION = 1;
				ENABLE_APP_SANDBOX = YES;
				ENABLE_PREVIEWS = YES;
				ENABLE_USER_SELECTED_FILES = readonly;
				GENERATE_INFOPLIST_FILE = YES;
				INFOPLIST_KEY_CFBundleDisplayName = SINK;
				INFOPLIST_KEY_LSApplicationCategoryType = "public.app-category.entertainment";
				INFOPLIST_KEY_NSHumanReadableCopyright = "";
				LD_RUNPATH_SEARCH_PATHS = "@executable_path/../Frameworks";
				MACOSX_DEPLOYMENT_TARGET = 14.0;
				MARKETING_VERSION = 1.0;
				PRODUCT_BUNDLE_IDENTIFIER = com.sinkfm.mac;
				PRODUCT_NAME = "$(TARGET_NAME)";
				REGISTER_APP_GROUPS = YES;
				SDKROOT = macosx;
				STRING_CATALOG_GENERATE_SYMBOLS = YES;
				SUPPORTED_PLATFORMS = macosx;
				SWIFT_APPROACHABLE_CONCURRENCY = YES;
				SWIFT_DEFAULT_ACTOR_ISOLATION = MainActor;
				SWIFT_EMIT_LOC_STRINGS = YES;
				SWIFT_UPCOMING_FEATURE_MEMBER_IMPORT_VISIBILITY = YES;
				SWIFT_VERSION = 5.9;
				VERSIONING_SYSTEM = "apple-generic";
			};
			name = Release;
		};
/* End XCBuildConfiguration section */

/* Begin XCConfigurationList section */
		B0920E5D2FBFB08A0060419F /* Build configuration list for PBXProject "Sink" */ = {
			isa = XCConfigurationList;
			buildConfigurations = (
				B0920E6B2FBFB08C0060419F /* Debug */,
				B0920E6C2FBFB08C0060419F /* Release */,
			);
			defaultConfigurationIsVisible = 0;
			defaultConfigurationName = Release;
		};
		B0920E6D2FBFB08C0060419F /* Build configuration list for PBXNativeTarget "Sink" */ = {
			isa = XCConfigurationList;
			buildConfigurations = (
				B0920E6E2FBFB08C0060419F /* Debug */,
				B0920E6F2FBFB08C0060419F /* Release */,
			);
			defaultConfigurationIsVisible = 0;
			defaultConfigurationName = Release;
		};
		B1920E092FBFB08A0060419F /* Build configuration list for PBXNativeTarget "SinkTests" */ = {
			isa = XCConfigurationList;
			buildConfigurations = (
				B1920E072FBFB08A0060419F /* Debug */,
				B1920E082FBFB08A0060419F /* Release */,
			);
			defaultConfigurationIsVisible = 0;
			defaultConfigurationName = Release;
		};
		B4A1C00E2FE1001000A1B2C3 /* Build configuration list for PBXNativeTarget "SinkMac" */ = {
			isa = XCConfigurationList;
			buildConfigurations = (
				B4A1C0082FE1001000A1B2C3 /* Debug */,
				B4A1C0092FE1001000A1B2C3 /* Release */,
			);
			defaultConfigurationIsVisible = 0;
			defaultConfigurationName = Release;
		};
/* End XCConfigurationList section */

/* Begin XCLocalSwiftPackageReference section */
		B0920EA42FBFB2F10060419F /* XCLocalSwiftPackageReference "SinkAPI" */ = {
			isa = XCLocalSwiftPackageReference;
			relativePath = SinkAPI;
		};
		B0920EA52FBFB3120060419F /* XCLocalSwiftPackageReference "SinkPlayback" */ = {
			isa = XCLocalSwiftPackageReference;
			relativePath = SinkPlayback;
		};
		B0D727032FDDF768003B1CF7 /* XCLocalSwiftPackageReference "SinkCore" */ = {
			isa = XCLocalSwiftPackageReference;
			relativePath = SinkCore;
		};
/* End XCLocalSwiftPackageReference section */

/* Begin XCSwiftPackageProductDependency section */
		B0920EA62FBFB3120060419F /* SinkPlayback */ = {
			isa = XCSwiftPackageProductDependency;
			productName = SinkPlayback;
		};
		B0920EAC2FBFB3120060419F /* SinkAPI */ = {
			isa = XCSwiftPackageProductDependency;
			productName = SinkAPI;
		};
		B0D727042FDDF768003B1CF7 /* SinkCore */ = {
			isa = XCSwiftPackageProductDependency;
			productName = SinkCore;
		};
		B0D727062FDDFCC6003B1CF7 /* SinkCore */ = {
			isa = XCSwiftPackageProductDependency;
			productName = SinkCore;
		};
		B1920E0A2FBFB08A0060419F /* SinkAPI */ = {
			isa = XCSwiftPackageProductDependency;
			productName = SinkAPI;
		};
		B1920E0E2FBFB08A0060419F /* SinkPlayback */ = {
			isa = XCSwiftPackageProductDependency;
			productName = SinkPlayback;
		};
		B4A1C0112FE1001000A1B2C3 /* SinkCore */ = {
			isa = XCSwiftPackageProductDependency;
			productName = SinkCore;
		};
		B4A1C0122FE1001000A1B2C3 /* SinkAPI */ = {
			isa = XCSwiftPackageProductDependency;
			productName = SinkAPI;
		};
		B4A1C0132FE1001000A1B2C3 /* SinkPlayback */ = {
			isa = XCSwiftPackageProductDependency;
			productName = SinkPlayback;
		};
/* End XCSwiftPackageProductDependency section */
	};
	rootObject = B0920E5A2FBFB08A0060419F /* Project object */;
}
